
Microsoft Visual Studio Solution File, Format Version 12.00
# Visual Studio Version 17
VisualStudioVersion = 17.11.35312.102
MinimumVisualStudioVersion = 10.0.40219.1
Project("{9A19103F-16F7-4668-BE54-9A1E7A4F7556}") = "FIAP.Grupo75.Contacts.Application", "FIAP.Grupo75.Contacts.Application\FIAP.Grupo75.Contacts.Application.csproj", "{D0A624DD-191F-4267-B58F-1E798B51C8A2}"
EndProject
Project("{9A19103F-16F7-4668-BE54-9A1E7A4F7556}") = "FIAP.Grupo75.Contacts.Domain", "FIAP.Grupo75.Contacts.Domain\FIAP.Grupo75.Contacts.Domain.csproj", "{AC14550A-1349-4707-871B-1C5000BE97D2}"
EndProject
Project("{9A19103F-16F7-4668-BE54-9A1E7A4F7556}") = "FIAP.Grupo75.Contacts.API", "FIAP.Grupo75.Contacts.API\FIAP.Grupo75.Contacts.API.csproj", "{0AFE9AD5-856A-478C-A1AC-3859389A8D59}"
EndProject
Project("{9A19103F-16F7-4668-BE54-9A1E7A4F7556}") = "FIAP.Grupo75.Contacts.Infra.IoC", "FIAP.Grupo75.Contacts.Infra.IoC\FIAP.Grupo75.Contacts.Infra.IoC.csproj", "{F02F373C-ED1E-4BA0-990D-9AE560FD0357}"
EndProject
Project("{9A19103F-16F7-4668-BE54-9A1E7A4F7556}") = "FIAP.Grupo75.Contacts.Infra.Data", "FIAP.Grupo75.Contacts.Infra.Data\FIAP.Grupo75.Contacts.Infra.Data.csproj", "{2BB98AC9-3A90-49BB-B771-772EDC6174FC}"
EndProject
Project("{9A19103F-16F7-4668-BE54-9A1E7A4F7556}") = "FIAP.Grupo75.Contacts.Logging", "FIAP.Grupo75.Contacts.Logging\FIAP.Grupo75.Contacts.Logging.csproj", "{B0E5A83F-91C1-4A8D-9DFD-D75EC67450C2}"
EndProject
Project("{FAE04EC0-301F-11D3-BF4B-00C04F79EFBC}") = "FIAP.Grupo75.Contacts.Domain.Tests", "FIAP.Grupo75.Contacts.Domain.Tests\FIAP.Grupo75.Contacts.Domain.Tests.csproj", "{C3128853-F73F-46B0-BFFB-B655FF93D245}"
EndProject
Global
	GlobalSection(SolutionConfigurationPlatforms) = preSolution
		Debug|Any CPU = Debug|Any CPU
		Release|Any CPU = Release|Any CPU
	EndGlobalSection
	GlobalSection(ProjectConfigurationPlatforms) = postSolution
		{D0A624DD-191F-4267-B58F-1E798B51C8A2}.Debug|Any CPU.ActiveCfg = Debug|Any CPU
		{D0A624DD-191F-4267-B58F-1E798B51C8A2}.Debug|Any CPU.Build.0 = Debug|Any CPU
		{D0A624DD-191F-4267-B58F-1E798B51C8A2}.Release|Any CPU.ActiveCfg = Release|Any CPU
		{D0A624DD-191F-4267-B58F-1E798B51C8A2}.Release|Any CPU.Build.0 = Release|Any CPU
		{AC14550A-1349-4707-871B-1C5000BE97D2}.Debug|Any CPU.ActiveCfg = Debug|Any CPU
		{AC14550A-1349-4707-871B-1C5000BE97D2}.Debug|Any CPU.Build.0 = Debug|Any CPU
		{AC14550A-1349-4707-871B-1C5000BE97D2}.Release|Any CPU.ActiveCfg = Release|Any CPU
		{AC14550A-1349-4707-871B-1C5000BE97D2}.Release|Any CPU.Build.0 = Release|Any CPU
		{0AFE9AD5-856A-478C-A1AC-3859389A8D59}.Debug|Any CPU.ActiveCfg = Debug|Any CPU
		{0AFE9AD5-856A-478C-A1AC-3859389A8D59}.Debug|Any CPU.Build.0 = Debug|Any CPU
		{0AFE9AD5-856A-478C-A1AC-3859389A8D59}.Release|Any CPU.ActiveCfg = Release|Any CPU
		{0AFE9AD5-856A-478C-A1AC-3859389A8D59}.Release|Any CPU.Build.0 = Release|Any CPU
		{F02F373C-ED1E-4BA0-990D-9AE560FD0357}.Debug|Any CPU.ActiveCfg = Debug|Any CPU
		{F02F373C-ED1E-4BA0-990D-9AE560FD0357}.Debug|Any CPU.Build.0 = Debug|Any CPU
		{F02F373C-ED1E-4BA0-990D-9AE560FD0357}.Release|Any CPU.ActiveCfg = Release|Any CPU
		{F02F373C-ED1E-4BA0-990D-9AE560FD0357}.Release|Any CPU.Build.0 = Release|Any CPU
		{2BB98AC9-3A90-49BB-B771-772EDC6174FC}.Debug|Any CPU.ActiveCfg = Debug|Any CPU
		{2BB98AC9-3A90-49BB-B771-772EDC6174FC}.Debug|Any CPU.Build.0 = Debug|Any CPU
		{2BB98AC9-3A90-49BB-B771-772EDC6174FC}.Release|Any CPU.ActiveCfg = Release|Any CPU
		{2BB98AC9-3A90-49BB-B771-772EDC6174FC}.Release|Any CPU.Build.0 = Release|Any CPU
		{B0E5A83F-91C1-4A8D-9DFD-D75EC67450C2}.Debug|Any CPU.ActiveCfg = Debug|Any CPU
		{B0E5A83F-91C1-4A8D-9DFD-D75EC67450C2}.Debug|Any CPU.Build.0 = Debug|Any CPU
		{B0E5A83F-91C1-4A8D-9DFD-D75EC67450C2}.Release|Any CPU.ActiveCfg = Release|Any CPU
		{B0E5A83F-91C1-4A8D-9DFD-D75EC67450C2}.Release|Any CPU.Build.0 = Release|Any CPU
		{C3128853-F73F-46B0-BFFB-B655FF93D245}.Debug|Any CPU.ActiveCfg = Debug|Any CPU
		{C3128853-F73F-46B0-BFFB-B655FF93D245}.Debug|Any CPU.Build.0 = Debug|Any CPU
		{C3128853-F73F-46B0-BFFB-B655FF93D245}.Release|Any CPU.ActiveCfg = Release|Any CPU
		{C3128853-F73F-46B0-BFFB-B655FF93D245}.Release|Any CPU.Build.0 = Release|Any CPU
	EndGlobalSection
	GlobalSection(SolutionProperties) = preSolution
		HideSolutionNode = FALSE
	EndGlobalSection
	GlobalSection(ExtensibilityGlobals) = postSolution
		SolutionGuid = {0FFCB3E0-5666-4CC7-B557-11D8A4A67D35}
	EndGlobalSection
EndGlobal
